
Microsoft Visual Studio Solution File, Format Version 12.00
# Visual Studio Version 16
VisualStudioVersion = 16.0.31205.134
MinimumVisualStudioVersion = 10.0.40219.1
Project("{9A19103F-16F7-4668-BE54-9A1E7A4F7556}") = "Treasury", "Treasury\Treasury.csproj", "{F983353C-10FA-4B62-B636-162756F60C25}"
EndProject
Global
	GlobalSection(SolutionConfigurationPlatforms) = preSolution
		Debug|Any CPU = Debug|Any CPU
		Release|Any CPU = Release|Any CPU
	EndGlobalSection
	GlobalSection(ProjectConfigurationPlatforms) = postSolution
		{F983353C-10FA-4B62-B636-162756F60C25}.Debug|Any CPU.ActiveCfg = Debug|Any CPU
		{F983353C-10FA-4B62-B636-162756F60C25}.Debug|Any CPU.Build.0 = Debug|Any CPU
		{F983353C-10FA-4B62-B636-162756F60C25}.Release|Any CPU.ActiveCfg = Release|Any CPU
		{F983353C-10FA-4B62-B636-162756F60C25}.Release|Any CPU.Build.0 = Release|Any CPU
	EndGlobalSection
	GlobalSection(SolutionProperties) = preSolution
		HideSolutionNode = FALSE
	EndGlobalSection
	GlobalSection(ExtensibilityGlobals) = postSolution
		SolutionGuid = {8F779D03-D453-44A7-91B3-618CF3F0A48F}
	EndGlobalSection
EndGlobal
